
Microsoft Visual Studio Solution File, Format Version 12.00
# Visual Studio Version 17
VisualStudioVersion = 17.3.32804.467
MinimumVisualStudioVersion = 10.0.40219.1
Project("{FAE04EC0-301F-11D3-BF4B-00C04F79EFBC}") = "ExamIntraCatalina", "ExamIntraCatalina\ExamIntraCatalina.csproj", "{C7D01EAC-36B0-4098-8AD0-87D30B880AE7}"
EndProject
Global
	GlobalSection(SolutionConfigurationPlatforms) = preSolution
		Debug|Any CPU = Debug|Any CPU
		Release|Any CPU = Release|Any CPU
	EndGlobalSection
	GlobalSection(ProjectConfigurationPlatforms) = postSolution
		{C7D01EAC-36B0-4098-8AD0-87D30B880AE7}.Debug|Any CPU.ActiveCfg = Debug|Any CPU
		{C7D01EAC-36B0-4098-8AD0-87D30B880AE7}.Debug|Any CPU.Build.0 = Debug|Any CPU
		{C7D01EAC-36B0-4098-8AD0-87D30B880AE7}.Release|Any CPU.ActiveCfg = Release|Any CPU
		{C7D01EAC-36B0-4098-8AD0-87D30B880AE7}.Release|Any CPU.Build.0 = Release|Any CPU
	EndGlobalSection
	GlobalSection(SolutionProperties) = preSolution
		HideSolutionNode = FALSE
	EndGlobalSection
	GlobalSection(ExtensibilityGlobals) = postSolution
		SolutionGuid = {50E9E82E-721C-4C4B-9389-D7A167A28DBC}
	EndGlobalSection
EndGlobal
